
Microsoft Visual Studio Solution File, Format Version 12.00
# Visual Studio Version 17
VisualStudioVersion = 17.11.35222.181
MinimumVisualStudioVersion = 10.0.40219.1
Project("{FAE04EC0-301F-11D3-BF4B-00C04F79EFBC}") = "DistributedSystemsTasks", "DistributedSystemsTasks\DistributedSystemsTasks.csproj", "{6393E0B8-53C3-4890-9015-B905D2EFAB80}"
EndProject
Project("{FAE04EC0-301F-11D3-BF4B-00C04F79EFBC}") = "Task1", "Task1\Task1.csproj", "{82C8DB97-414B-4EE9-A1AF-8442A54F8554}"
EndProject
Global
	GlobalSection(SolutionConfigurationPlatforms) = preSolution
		Debug|Any CPU = Debug|Any CPU
		Release|Any CPU = Release|Any CPU
	EndGlobalSection
	GlobalSection(ProjectConfigurationPlatforms) = postSolution
		{6393E0B8-53C3-4890-9015-B905D2EFAB80}.Debug|Any CPU.ActiveCfg = Debug|Any CPU
		{6393E0B8-53C3-4890-9015-B905D2EFAB80}.Debug|Any CPU.Build.0 = Debug|Any CPU
		{6393E0B8-53C3-4890-9015-B905D2EFAB80}.Release|Any CPU.ActiveCfg = Release|Any CPU
		{6393E0B8-53C3-4890-9015-B905D2EFAB80}.Release|Any CPU.Build.0 = Release|Any CPU
		{82C8DB97-414B-4EE9-A1AF-8442A54F8554}.Debug|Any CPU.ActiveCfg = Debug|Any CPU
		{82C8DB97-414B-4EE9-A1AF-8442A54F8554}.Debug|Any CPU.Build.0 = Debug|Any CPU
		{82C8DB97-414B-4EE9-A1AF-8442A54F8554}.Release|Any CPU.ActiveCfg = Release|Any CPU
		{82C8DB97-414B-4EE9-A1AF-8442A54F8554}.Release|Any CPU.Build.0 = Release|Any CPU
	EndGlobalSection
	GlobalSection(SolutionProperties) = preSolution
		HideSolutionNode = FALSE
	EndGlobalSection
	GlobalSection(ExtensibilityGlobals) = postSolution
		SolutionGuid = {D61D0CDE-D453-467A-9FA3-04A675454499}
	EndGlobalSection
EndGlobal
